
Microsoft Visual Studio Solution File, Format Version 12.00
# Visual Studio Version 17
VisualStudioVersion = 17.14.36408.4
MinimumVisualStudioVersion = 10.0.40219.1
Project("{FAE04EC0-301F-11D3-BF4B-00C04F79EFBC}") = "LibraryBookManager", "LibraryBookManager\LibraryBookManager.csproj", "{6E894F0A-00EC-4FFC-AFF8-069265FE0297}"
EndProject
Project("{FAE04EC0-301F-11D3-BF4B-00C04F79EFBC}") = "Domain", "Domain\Domain.csproj", "{2C27A269-5FE4-4F68-BA51-CB0116D7B2F7}"
EndProject
Project("{FAE04EC0-301F-11D3-BF4B-00C04F79EFBC}") = "Services", "Services\Services.csproj", "{FE347401-2F1E-4B71-AD29-6C6FF4EA72CE}"
EndProject
Project("{FAE04EC0-301F-11D3-BF4B-00C04F79EFBC}") = "Repository", "Repository\Repository.csproj", "{54F417BF-482B-4906-AECE-56DAA219E3A0}"
EndProject
Project("{FAE04EC0-301F-11D3-BF4B-00C04F79EFBC}") = "UnitTest", "UnitTest\UnitTest.csproj", "{CACB5946-736A-4DBE-A08B-402221851C06}"
EndProject
Global
	GlobalSection(SolutionConfigurationPlatforms) = preSolution
		Debug|Any CPU = Debug|Any CPU
		Release|Any CPU = Release|Any CPU
	EndGlobalSection
	GlobalSection(ProjectConfigurationPlatforms) = postSolution
		{6E894F0A-00EC-4FFC-AFF8-069265FE0297}.Debug|Any CPU.ActiveCfg = Debug|Any CPU
		{6E894F0A-00EC-4FFC-AFF8-069265FE0297}.Debug|Any CPU.Build.0 = Debug|Any CPU
		{6E894F0A-00EC-4FFC-AFF8-069265FE0297}.Release|Any CPU.ActiveCfg = Release|Any CPU
		{6E894F0A-00EC-4FFC-AFF8-069265FE0297}.Release|Any CPU.Build.0 = Release|Any CPU
		{2C27A269-5FE4-4F68-BA51-CB0116D7B2F7}.Debug|Any CPU.ActiveCfg = Debug|Any CPU
		{2C27A269-5FE4-4F68-BA51-CB0116D7B2F7}.Debug|Any CPU.Build.0 = Debug|Any CPU
		{2C27A269-5FE4-4F68-BA51-CB0116D7B2F7}.Release|Any CPU.ActiveCfg = Release|Any CPU
		{2C27A269-5FE4-4F68-BA51-CB0116D7B2F7}.Release|Any CPU.Build.0 = Release|Any CPU
		{FE347401-2F1E-4B71-AD29-6C6FF4EA72CE}.Debug|Any CPU.ActiveCfg = Debug|Any CPU
		{FE347401-2F1E-4B71-AD29-6C6FF4EA72CE}.Debug|Any CPU.Build.0 = Debug|Any CPU
		{FE347401-2F1E-4B71-AD29-6C6FF4EA72CE}.Release|Any CPU.ActiveCfg = Release|Any CPU
		{FE347401-2F1E-4B71-AD29-6C6FF4EA72CE}.Release|Any CPU.Build.0 = Release|Any CPU
		{54F417BF-482B-4906-AECE-56DAA219E3A0}.Debug|Any CPU.ActiveCfg = Debug|Any CPU
		{54F417BF-482B-4906-AECE-56DAA219E3A0}.Debug|Any CPU.Build.0 = Debug|Any CPU
		{54F417BF-482B-4906-AECE-56DAA219E3A0}.Release|Any CPU.ActiveCfg = Release|Any CPU
		{54F417BF-482B-4906-AECE-56DAA219E3A0}.Release|Any CPU.Build.0 = Release|Any CPU
		{CACB5946-736A-4DBE-A08B-402221851C06}.Debug|Any CPU.ActiveCfg = Debug|Any CPU
		{CACB5946-736A-4DBE-A08B-402221851C06}.Debug|Any CPU.Build.0 = Debug|Any CPU
		{CACB5946-736A-4DBE-A08B-402221851C06}.Release|Any CPU.ActiveCfg = Release|Any CPU
		{CACB5946-736A-4DBE-A08B-402221851C06}.Release|Any CPU.Build.0 = Release|Any CPU
	EndGlobalSection
	GlobalSection(SolutionProperties) = preSolution
		HideSolutionNode = FALSE
	EndGlobalSection
	GlobalSection(ExtensibilityGlobals) = postSolution
		SolutionGuid = {1BA474DB-34CA-4A2B-9547-B79DE7F93C2B}
	EndGlobalSection
EndGlobal
